
Microsoft Visual Studio Solution File, Format Version 12.00
# Visual Studio 2017
Project("{FAE04EC0-301F-11D3-BF4B-00C04F79EFBC}") = "DonutShooter", "DonutShooter.csproj", "{B80746C7-7AA3-4650-84BB-CE5756B5C12E}"
EndProject
Global
	GlobalSection(SolutionConfigurationPlatforms) = preSolution
		Debug|Any CPU = Debug|Any CPU
		Release|Any CPU = Release|Any CPU
	EndGlobalSection
	GlobalSection(ProjectConfigurationPlatforms) = postSolution
		{B80746C7-7AA3-4650-84BB-CE5756B5C12E}.Debug|Any CPU.ActiveCfg = Debug|Any CPU
		{B80746C7-7AA3-4650-84BB-CE5756B5C12E}.Debug|Any CPU.Build.0 = Debug|Any CPU
		{B80746C7-7AA3-4650-84BB-CE5756B5C12E}.Release|Any CPU.ActiveCfg = Release|Any CPU
		{B80746C7-7AA3-4650-84BB-CE5756B5C12E}.Release|Any CPU.Build.0 = Release|Any CPU
	EndGlobalSection
	GlobalSection(SolutionProperties) = preSolution
		HideSolutionNode = FALSE
	EndGlobalSection
EndGlobal
